
Microsoft Visual Studio Solution File, Format Version 12.00
# Visual Studio 14
VisualStudioVersion = 14.0.25420.1
MinimumVisualStudioVersion = 10.0.40219.1
Project("{8BC9CEB8-8B4A-11D0-8D11-00A0C91BC942}") = "remoteMAXScript.dlx", "remoteMAXScript.dlx\remoteMAXScript.dlx.vcxproj", "{ACE73651-E30D-45F4-80CA-C2855F717AB0}"
	ProjectSection(ProjectDependencies) = postProject
		{A7F95AC4-A658-4F49-AF7B-7E02B745E9A4} = {A7F95AC4-A658-4F49-AF7B-7E02B745E9A4}
	EndProjectSection
EndProject
Project("{8BC9CEB8-8B4A-11D0-8D11-00A0C91BC942}") = "maxscript.server", "maxscript.server\maxscript.server.vcxproj", "{A7F95AC4-A658-4F49-AF7B-7E02B745E9A4}"
EndProject
Project("{8BC9CEB8-8B4A-11D0-8D11-00A0C91BC942}") = "maxscript.server.console", "maxscript.server.console\maxscript.server.console.vcxproj", "{5485A1D4-58B9-4D78-89BE-5E83FFDA8E86}"
	ProjectSection(ProjectDependencies) = postProject
		{A7F95AC4-A658-4F49-AF7B-7E02B745E9A4} = {A7F95AC4-A658-4F49-AF7B-7E02B745E9A4}
	EndProjectSection
EndProject
Global
	GlobalSection(SolutionConfigurationPlatforms) = preSolution
		Debug|x64 = Debug|x64
		Release|x64 = Release|x64
	EndGlobalSection
	GlobalSection(ProjectConfigurationPlatforms) = postSolution
		{ACE73651-E30D-45F4-80CA-C2855F717AB0}.Debug|x64.ActiveCfg = Debug|x64
		{ACE73651-E30D-45F4-80CA-C2855F717AB0}.Debug|x64.Build.0 = Debug|x64
		{ACE73651-E30D-45F4-80CA-C2855F717AB0}.Release|x64.ActiveCfg = Release|x64
		{ACE73651-E30D-45F4-80CA-C2855F717AB0}.Release|x64.Build.0 = Release|x64
		{A7F95AC4-A658-4F49-AF7B-7E02B745E9A4}.Debug|x64.ActiveCfg = Debug|x64
		{A7F95AC4-A658-4F49-AF7B-7E02B745E9A4}.Debug|x64.Build.0 = Debug|x64
		{A7F95AC4-A658-4F49-AF7B-7E02B745E9A4}.Release|x64.ActiveCfg = Release|x64
		{A7F95AC4-A658-4F49-AF7B-7E02B745E9A4}.Release|x64.Build.0 = Release|x64
		{5485A1D4-58B9-4D78-89BE-5E83FFDA8E86}.Debug|x64.ActiveCfg = Debug|x64
		{5485A1D4-58B9-4D78-89BE-5E83FFDA8E86}.Debug|x64.Build.0 = Debug|x64
		{5485A1D4-58B9-4D78-89BE-5E83FFDA8E86}.Release|x64.ActiveCfg = Release|x64
		{5485A1D4-58B9-4D78-89BE-5E83FFDA8E86}.Release|x64.Build.0 = Release|x64
	EndGlobalSection
	GlobalSection(SolutionProperties) = preSolution
		HideSolutionNode = FALSE
	EndGlobalSection
EndGlobal
